
Microsoft Visual Studio Solution File, Format Version 12.00
# Visual Studio 15
VisualStudioVersion = 15.0.28307.168
MinimumVisualStudioVersion = 10.0.40219.1
Project("{FAE04EC0-301F-11D3-BF4B-00C04F79EFBC}") = "GroupBoxRadioControl", "GroupBoxRadioControl\GroupBoxRadioControl.csproj", "{73EF9403-20B8-4064-9E19-DCC3A243E62C}"
EndProject
Global
	GlobalSection(SolutionConfigurationPlatforms) = preSolution
		Debug|Any CPU = Debug|Any CPU
		Release|Any CPU = Release|Any CPU
	EndGlobalSection
	GlobalSection(ProjectConfigurationPlatforms) = postSolution
		{73EF9403-20B8-4064-9E19-DCC3A243E62C}.Debug|Any CPU.ActiveCfg = Debug|Any CPU
		{73EF9403-20B8-4064-9E19-DCC3A243E62C}.Debug|Any CPU.Build.0 = Debug|Any CPU
		{73EF9403-20B8-4064-9E19-DCC3A243E62C}.Release|Any CPU.ActiveCfg = Release|Any CPU
		{73EF9403-20B8-4064-9E19-DCC3A243E62C}.Release|Any CPU.Build.0 = Release|Any CPU
	EndGlobalSection
	GlobalSection(SolutionProperties) = preSolution
		HideSolutionNode = FALSE
	EndGlobalSection
	GlobalSection(ExtensibilityGlobals) = postSolution
		SolutionGuid = {5967D6C1-9AF6-4AE7-9924-71CE76BC86F4}
	EndGlobalSection
EndGlobal
